Microsoft Visual Studio Solution File, Format Version 12.00
# Visual Studio Version 17
VisualStudioVersion = 17.5.2.0
MinimumVisualStudioVersion = 10.0.40219.1
Project("{2150E333-8FDC-42A3-9474-1A3956D46DE8}") = "powerbi-xmlapi", "powerbi-xmlapi", "{DEC1845D-CA10-C8EB-044E-919D6BD1CEBF}"
EndProject
Project("{FAE04EC0-301F-11D3-BF4B-00C04F79EFBC}") = "PowerBIXMLA", "powerbi-xmlapi\PowerBIXMLA\PowerBIXMLA.csproj", "{05570860-E750-81AE-6119-2F22B766CF57}"
EndProject
Global
	GlobalSection(SolutionConfigurationPlatforms) = preSolution
		Debug|Any CPU = Debug|Any CPU
		Release|Any CPU = Release|Any CPU
	EndGlobalSection
	GlobalSection(ProjectConfigurationPlatforms) = postSolution
		{05570860-E750-81AE-6119-2F22B766CF57}.Debug|Any CPU.ActiveCfg = Debug|Any CPU
		{05570860-E750-81AE-6119-2F22B766CF57}.Debug|Any CPU.Build.0 = Debug|Any CPU
		{05570860-E750-81AE-6119-2F22B766CF57}.Release|Any CPU.ActiveCfg = Release|Any CPU
		{05570860-E750-81AE-6119-2F22B766CF57}.Release|Any CPU.Build.0 = Release|Any CPU
	EndGlobalSection
	GlobalSection(SolutionProperties) = preSolution
		HideSolutionNode = FALSE
	EndGlobalSection
	GlobalSection(NestedProjects) = preSolution
		{05570860-E750-81AE-6119-2F22B766CF57} = {DEC1845D-CA10-C8EB-044E-919D6BD1CEBF}
	EndGlobalSection
	GlobalSection(ExtensibilityGlobals) = postSolution
		SolutionGuid = {4EBFA1E0-3192-4B29-BF4B-3BBABA945F41}
	EndGlobalSection
EndGlobal
